// !$*UTF8*$!
{
	archiveVersion = 1;
	classes = {
	};
	objectVersion = 46;
	objects = {

/* Begin PBXBuildFile section */
		F30FF7C51E9CDE3C003F3882 /* main.cpp in Sources */ = {isa = PBXBuildFile; fileRef = F30FF7C41E9CDE3C003F3882 /* main.cpp */; };
/* End PBXBuildFile section */

/* Begin PBXCopyFilesBuildPhase section */
		F30FF7BF1E9CDE3C003F3882 /* CopyFiles */ = {
			isa = PBXCopyFilesBuildPhase;
			buildActionMask = 2147483647;
			dstPath = /usr/share/man/man1/;
			dstSubfolderSpec = 0;
			files = (
			);
			runOnlyForDeploymentPostprocessing = 1;
		};
/* End PBXCopyFilesBuildPhase section */

/* Begin PBXFileReference section */
		F30FF7C11E9CDE3C003F3882 /* Shortest Path */ = {isa = PBXFileReference; explicitFileType = "compiled.mach-o.executable"; includeInIndex = 0; path = "Shortest Path"; sourceTree = BUILT_PRODUCTS_DIR; };
		F30FF7C41E9CDE3C003F3882 /* main.cpp */ = {isa = PBXFileReference; lastKnownFileType = sourcecode.cpp.cpp; path = main.cpp; sourceTree = "<group>"; };
		F30FF7CB1E9CDE56003F3882 /* djikstra.hpp */ = {isa = PBXFileReference; lastKnownFileType = sourcecode.cpp.h; path = djikstra.hpp; sourceTree = "<group>"; };
		F30FF7CC1E9CDE60003F3882 /* Header.hpp */ = {isa = PBXFileReference; lastKnownFileType = sourcecode.cpp.h; path = Header.hpp; sourceTree = "<group>"; };
		F30FF7CD1E9CDE69003F3882 /* floyd.hpp */ = {isa = PBXFileReference; lastKnownFileType = sourcecode.cpp.h; path = floyd.hpp; sourceTree = "<group>"; };
		F3A61BE81E9E6F9F0020EF4B /* spfa.hpp */ = {isa = PBXFileReference; lastKnownFileType = sourcecode.cpp.h; path = spfa.hpp; sourceTree = "<group>"; };
/* End PBXFileReference section */

/* Begin PBXFrameworksBuildPhase section */
		F30FF7BE1E9CDE3C003F3882 /* Frameworks */ = {
			isa = PBXFrameworksBuildPhase;
			buildActionMask = 2147483647;
			files = (
			);
			runOnlyForDeploymentPostprocessing = 0;
		};
/* End PBXFrameworksBuildPhase section */

/* Begin PBXGroup section */
		F30FF7B81E9CDE3C003F3882 = {
			isa = PBXGroup;
			children = (
				F30FF7C31E9CDE3C003F3882 /* Shortest Path */,
				F30FF7C21E9CDE3C003F3882 /* Products */,
			);
			sourceTree = "<group>";
		};
		F30FF7C21E9CDE3C003F3882 /* Products */ = {
			isa = PBXGroup;
			children = (
				F30FF7C11E9CDE3C003F3882 /* Shortest Path */,
			);
			name = Products;
			sourceTree = "<group>";
		};
		F30FF7C31E9CDE3C003F3882 /* Shortest Path */ = {
			isa = PBXGroup;
			children = (
				F30FF7C41E9CDE3C003F3882 /* main.cpp */,
				F30FF7CB1E9CDE56003F3882 /* djikstra.hpp */,
				F30FF7CC1E9CDE60003F3882 /* Header.hpp */,
				F30FF7CD1E9CDE69003F3882 /* floyd.hpp */,
				F3A61BE81E9E6F9F0020EF4B /* spfa.hpp */,
			);
			path = "Shortest Path";
			sourceTree = "<group>";
		};
/* End PBXGroup section */

/* Begin PBXNativeTarget section */
		F30FF7C01E9CDE3C003F3882 /* Shortest Path */ = {
			isa = PBXNativeTarget;
			buildConfigurationList = F30FF7C81E9CDE3C003F3882 /* Build configuration list for PBXNativeTarget "Shortest Path" */;
			buildPhases = (
				F30FF7BD1E9CDE3C003F3882 /* Sources */,
				F30FF7BE1E9CDE3C003F3882 /* Frameworks */,
				F30FF7BF1E9CDE3C003F3882 /* CopyFiles */,
			);
			buildRules = (
			);
			dependencies = (
			);
			name = "Shortest Path";
			productName = "Shortest Path";
			productReference = F30FF7C11E9CDE3C003F3882 /* Shortest Path */;
			productType = "com.apple.product-type.tool";
		};
/* End PBXNativeTarget section */

/* Begin PBXProject section */
		F30FF7B91E9CDE3C003F3882 /* Project object */ = {
			isa = PBXProject;
			attributes = {
				LastUpgradeCheck = 0830;
				ORGANIZATIONNAME = "李博";
				TargetAttributes = {
					F30FF7C01E9CDE3C003F3882 = {
						CreatedOnToolsVersion = 8.3;
						DevelopmentTeam = F293UH4UUA;
						ProvisioningStyle = Automatic;
					};
				};
			};
			buildConfigurationList = F30FF7BC1E9CDE3C003F3882 /* Build configuration list for PBXProject "Shortest Path" */;
			compatibilityVersion = "Xcode 3.2";
			developmentRegion = English;
			hasScannedForEncodings = 0;
			knownRegions = (
				en,
			);
			mainGroup = F30FF7B81E9CDE3C003F3882;
			productRefGroup = F30FF7C21E9CDE3C003F3882 /* Products */;
			projectDirPath = "";
			projectRoot = "";
			targets = (
				F30FF7C01E9CDE3C003F3882 /* Shortest Path */,
			);
		};
/* End PBXProject section */

/* Begin PBXSourcesBuildPhase section */
		F30FF7BD1E9CDE3C003F3882 /* Sources */ = {
			isa = PBXSourcesBuildPhase;
			buildActionMask = 2147483647;
			files = (
				F30FF7C51E9CDE3C003F3882 /* main.cpp in Sources */,
			);
			runOnlyForDeploymentPostprocessing = 0;
		};
/* End PBXSourcesBuildPhase section */

/* Begin XCBuildConfiguration section */
		F30FF7C61E9CDE3C003F3882 /* Debug */ = {
			isa = XCBuildConfiguration;
			buildSettings = {
				ALWAYS_SEARCH_USER_PATHS = NO;
				CLANG_ANALYZER_NONNULL = YES;
				CLANG_ANALYZER_NUMBER_OBJECT_CONVERSION = YES_AGGRESSIVE;
				CLANG_CXX_LANGUAGE_STANDARD = "gnu++0x";
				CLANG_CXX_LIBRARY = "libc++";
				CLANG_ENABLE_MODULES = YES;
				CLANG_ENABLE_OBJC_ARC = YES;
				CLANG_WARN_BOOL_CONVERSION = YES;
				CLANG_WARN_CONSTANT_CONVERSION = YES;
				CLANG_WARN_DIRECT_OBJC_ISA_USAGE = YES_ERROR;
				CLANG_WARN_DOCUMENTATION_COMMENTS = YES;
				CLANG_WARN_EMPTY_BODY = YES;
				CLANG_WARN_ENUM_CONVERSION = YES;
				CLANG_WARN_INFINITE_RECURSION = YES;
				CLANG_WARN_INT_CONVERSION = YES;
				CLANG_WARN_OBJC_ROOT_CLASS = YES_ERROR;
				CLANG_WARN_SUSPICIOUS_MOVE = YES;
				CLANG_WARN_UNREACHABLE_CODE = YES;
				CLANG_WARN__DUPLICATE_METHOD_MATCH = YES;
				CODE_SIGN_IDENTITY = "-";
				COPY_PHASE_STRIP = NO;
				DEBUG_INFORMATION_FORMAT = dwarf;
				ENABLE_STRICT_OBJC_MSGSEND = YES;
				ENABLE_TESTABILITY = YES;
				GCC_C_LANGUAGE_STANDARD = gnu99;
				GCC_DYNAMIC_NO_PIC = NO;
				GCC_NO_COMMON_BLOCKS = YES;
				GCC_OPTIMIZATION_LEVEL = 0;
				GCC_PREPROCESSOR_DEFINITIONS = (
					"DEBUG=1",
					"$(inherited)",
				);
				GCC_WARN_64_TO_32_BIT_CONVERSION = YES;
				GCC_WARN_ABOUT_RETURN_TYPE = YES_ERROR;
				GCC_WARN_UNDECLARED_SELECTOR = YES;
				GCC_WARN_UNINITIALIZED_AUTOS = YES_AGGRESSIVE;
				GCC_WARN_UNUSED_FUNCTION = YES;
				GCC_WARN_UNUSED_VARIABLE = YES;
				MACOSX_DEPLOYMENT_TARGET = 10.12;
				MTL_ENABLE_DEBUG_INFO = YES;
				ONLY_ACTIVE_ARCH = YES;
				SDKROOT = macosx;
			};
			name = Debug;
		};
		F30FF7C71E9CDE3C003F3882 /* Release */ = {
			isa = XCBuildConfiguration;
			buildSettings = {
				ALWAYS_SEARCH_USER_PATHS = NO;
				CLANG_ANALYZER_NONNULL = YES;
				CLANG_ANALYZER_NUMBER_OBJECT_CONVERSION = YES_AGGRESSIVE;
				CLANG_CXX_LANGUAGE_STANDARD = "gnu++0x";
				CLANG_CXX_LIBRARY = "libc++";
				CLANG_ENABLE_MODULES = YES;
				CLANG_ENABLE_OBJC_ARC = YES;
				CLANG_WARN_BOOL_CONVERSION = YES;
				CLANG_WARN_CONSTANT_CONVERSION = YES;
				CLANG_WARN_DIRECT_OBJC_ISA_USAGE = YES_ERROR;
				CLANG_WARN_DOCUMENTATION_COMMENTS = YES;
				CLANG_WARN_EMPTY_BODY = YES;
				CLANG_WARN_ENUM_CONVERSION = YES;
				CLANG_WARN_INFINITE_RECURSION = YES;
				CLANG_WARN_INT_CONVERSION = YES;
				CLANG_WARN_OBJC_ROOT_CLASS = YES_ERROR;
				CLANG_WARN_SUSPICIOUS_MOVE = YES;
				CLANG_WARN_UNREACHABLE_CODE = YES;
				CLANG_WARN__DUPLICATE_METHOD_MATCH = YES;
				CODE_SIGN_IDENTITY = "-";
				COPY_PHASE_STRIP = NO;
				DEBUG_INFORMATION_FORMAT = "dwarf-with-dsym";
				ENABLE_NS_ASSERTIONS = NO;
				ENABLE_STRICT_OBJC_MSGSEND = YES;
				GCC_C_LANGUAGE_STANDARD = gnu99;
				GCC_NO_COMMON_BLOCKS = YES;
				GCC_WARN_64_TO_32_BIT_CONVERSION = YES;
				GCC_WARN_ABOUT_RETURN_TYPE = YES_ERROR;
				GCC_WARN_UNDECLARED_SELECTOR = YES;
				GCC_WARN_UNINITIALIZED_AUTOS = YES_AGGRESSIVE;
				GCC_WARN_UNUSED_FUNCTION = YES;
				GCC_WARN_UNUSED_VARIABLE = YES;
				MACOSX_DEPLOYMENT_TARGET = 10.12;
				MTL_ENABLE_DEBUG_INFO = NO;
				SDKROOT = macosx;
			};
			name = Release;
		};
		F30FF7C91E9CDE3C003F3882 /* Debug */ = {
			isa = XCBuildConfiguration;
			buildSettings = {
				DEVELOPMENT_TEAM = F293UH4UUA;
				PRODUCT_NAME = "$(TARGET_NAME)";
			};
			name = Debug;
		};
		F30FF7CA1E9CDE3C003F3882 /* Release */ = {
			isa = XCBuildConfiguration;
			buildSettings = {
				DEVELOPMENT_TEAM = F293UH4UUA;
				PRODUCT_NAME = "$(TARGET_NAME)";
			};
			name = Release;
		};
/* End XCBuildConfiguration section */

/* Begin XCConfigurationList section */
		F30FF7BC1E9CDE3C003F3882 /* Build configuration list for PBXProject "Shortest Path" */ = {
			isa = XCConfigurationList;
			buildConfigurations = (
				F30FF7C61E9CDE3C003F3882 /* Debug */,
				F30FF7C71E9CDE3C003F3882 /* Release */,
			);
			defaultConfigurationIsVisible = 0;
			defaultConfigurationName = Release;
		};
		F30FF7C81E9CDE3C003F3882 /* Build configuration list for PBXNativeTarget "Shortest Path" */ = {
			isa = XCConfigurationList;
			buildConfigurations = (
				F30FF7C91E9CDE3C003F3882 /* Debug */,
				F30FF7CA1E9CDE3C003F3882 /* Release */,
			);
			defaultConfigurationIsVisible = 0;
			defaultConfigurationName = Release;
		};
/* End XCConfigurationList section */
	};
	rootObject = F30FF7B91E9CDE3C003F3882 /* Project object */;
}
