// !$*UTF8*$!
{
	archiveVersion = 1;
	classes = {
	};
	objectVersion = 46;
	objects = {

/* Begin PBXBuildFile section */
		F343DA0C1E9A2426000B08BA /* main.cpp in Sources */ = {isa = PBXBuildFile; fileRef = F343DA0B1E9A2426000B08BA /* main.cpp */; };
/* End PBXBuildFile section */

/* Begin PBXCopyFilesBuildPhase section */
		F343DA061E9A2426000B08BA /* CopyFiles */ = {
			isa = PBXCopyFilesBuildPhase;
			buildActionMask = 2147483647;
			dstPath = /usr/share/man/man1/;
			dstSubfolderSpec = 0;
			files = (
			);
			runOnlyForDeploymentPostprocessing = 1;
		};
/* End PBXCopyFilesBuildPhase section */

/* Begin PBXFileReference section */
		F343DA081E9A2426000B08BA /* MST */ = {isa = PBXFileReference; explicitFileType = "compiled.mach-o.executable"; includeInIndex = 0; path = MST; sourceTree = BUILT_PRODUCTS_DIR; };
		F343DA0B1E9A2426000B08BA /* main.cpp */ = {isa = PBXFileReference; lastKnownFileType = sourcecode.cpp.cpp; path = main.cpp; sourceTree = "<group>"; };
		F3B70A511E9A2D4F00BA49D2 /* Kruskal.hpp */ = {isa = PBXFileReference; lastKnownFileType = sourcecode.cpp.h; path = Kruskal.hpp; sourceTree = "<group>"; };
		F3B70A521E9A2D6900BA49D2 /* Header.hpp */ = {isa = PBXFileReference; lastKnownFileType = sourcecode.cpp.h; path = Header.hpp; sourceTree = "<group>"; };
		F3B70A531E9B52A600BA49D2 /* Prim.hpp */ = {isa = PBXFileReference; lastKnownFileType = sourcecode.cpp.h; path = Prim.hpp; sourceTree = "<group>"; };
/* End PBXFileReference section */

/* Begin PBXFrameworksBuildPhase section */
		F343DA051E9A2426000B08BA /* Frameworks */ = {
			isa = PBXFrameworksBuildPhase;
			buildActionMask = 2147483647;
			files = (
			);
			runOnlyForDeploymentPostprocessing = 0;
		};
/* End PBXFrameworksBuildPhase section */

/* Begin PBXGroup section */
		F343D9FF1E9A2426000B08BA = {
			isa = PBXGroup;
			children = (
				F343DA0A1E9A2426000B08BA /* MST */,
				F343DA091E9A2426000B08BA /* Products */,
			);
			sourceTree = "<group>";
		};
		F343DA091E9A2426000B08BA /* Products */ = {
			isa = PBXGroup;
			children = (
				F343DA081E9A2426000B08BA /* MST */,
			);
			name = Products;
			sourceTree = "<group>";
		};
		F343DA0A1E9A2426000B08BA /* MST */ = {
			isa = PBXGroup;
			children = (
				F343DA0B1E9A2426000B08BA /* main.cpp */,
				F3B70A511E9A2D4F00BA49D2 /* Kruskal.hpp */,
				F3B70A521E9A2D6900BA49D2 /* Header.hpp */,
				F3B70A531E9B52A600BA49D2 /* Prim.hpp */,
			);
			path = MST;
			sourceTree = "<group>";
		};
/* End PBXGroup section */

/* Begin PBXNativeTarget section */
		F343DA071E9A2426000B08BA /* MST */ = {
			isa = PBXNativeTarget;
			buildConfigurationList = F343DA0F1E9A2426000B08BA /* Build configuration list for PBXNativeTarget "MST" */;
			buildPhases = (
				F343DA041E9A2426000B08BA /* Sources */,
				F343DA051E9A2426000B08BA /* Frameworks */,
				F343DA061E9A2426000B08BA /* CopyFiles */,
			);
			buildRules = (
			);
			dependencies = (
			);
			name = MST;
			productName = MST;
			productReference = F343DA081E9A2426000B08BA /* MST */;
			productType = "com.apple.product-type.tool";
		};
/* End PBXNativeTarget section */

/* Begin PBXProject section */
		F343DA001E9A2426000B08BA /* Project object */ = {
			isa = PBXProject;
			attributes = {
				LastUpgradeCheck = 0830;
				ORGANIZATIONNAME = "李博";
				TargetAttributes = {
					F343DA071E9A2426000B08BA = {
						CreatedOnToolsVersion = 8.3;
						DevelopmentTeam = F293UH4UUA;
						ProvisioningStyle = Automatic;
					};
				};
			};
			buildConfigurationList = F343DA031E9A2426000B08BA /* Build configuration list for PBXProject "MST" */;
			compatibilityVersion = "Xcode 3.2";
			developmentRegion = English;
			hasScannedForEncodings = 0;
			knownRegions = (
				en,
			);
			mainGroup = F343D9FF1E9A2426000B08BA;
			productRefGroup = F343DA091E9A2426000B08BA /* Products */;
			projectDirPath = "";
			projectRoot = "";
			targets = (
				F343DA071E9A2426000B08BA /* MST */,
			);
		};
/* End PBXProject section */

/* Begin PBXSourcesBuildPhase section */
		F343DA041E9A2426000B08BA /* Sources */ = {
			isa = PBXSourcesBuildPhase;
			buildActionMask = 2147483647;
			files = (
				F343DA0C1E9A2426000B08BA /* main.cpp in Sources */,
			);
			runOnlyForDeploymentPostprocessing = 0;
		};
/* End PBXSourcesBuildPhase section */

/* Begin XCBuildConfiguration section */
		F343DA0D1E9A2426000B08BA /* Debug */ = {
			isa = XCBuildConfiguration;
			buildSettings = {
				ALWAYS_SEARCH_USER_PATHS = NO;
				CLANG_ANALYZER_NONNULL = YES;
				CLANG_ANALYZER_NUMBER_OBJECT_CONVERSION = YES_AGGRESSIVE;
				CLANG_CXX_LANGUAGE_STANDARD = "gnu++0x";
				CLANG_CXX_LIBRARY = "libc++";
				CLANG_ENABLE_MODULES = YES;
				CLANG_ENABLE_OBJC_ARC = YES;
				CLANG_WARN_BOOL_CONVERSION = YES;
				CLANG_WARN_CONSTANT_CONVERSION = YES;
				CLANG_WARN_DIRECT_OBJC_ISA_USAGE = YES_ERROR;
				CLANG_WARN_DOCUMENTATION_COMMENTS = YES;
				CLANG_WARN_EMPTY_BODY = YES;
				CLANG_WARN_ENUM_CONVERSION = YES;
				CLANG_WARN_INFINITE_RECURSION = YES;
				CLANG_WARN_INT_CONVERSION = YES;
				CLANG_WARN_OBJC_ROOT_CLASS = YES_ERROR;
				CLANG_WARN_SUSPICIOUS_MOVE = YES;
				CLANG_WARN_UNREACHABLE_CODE = YES;
				CLANG_WARN__DUPLICATE_METHOD_MATCH = YES;
				CODE_SIGN_IDENTITY = "-";
				COPY_PHASE_STRIP = NO;
				DEBUG_INFORMATION_FORMAT = dwarf;
				ENABLE_STRICT_OBJC_MSGSEND = YES;
				ENABLE_TESTABILITY = YES;
				GCC_C_LANGUAGE_STANDARD = gnu99;
				GCC_DYNAMIC_NO_PIC = NO;
				GCC_NO_COMMON_BLOCKS = YES;
				GCC_OPTIMIZATION_LEVEL = 0;
				GCC_PREPROCESSOR_DEFINITIONS = (
					"DEBUG=1",
					"$(inherited)",
				);
				GCC_WARN_64_TO_32_BIT_CONVERSION = YES;
				GCC_WARN_ABOUT_RETURN_TYPE = YES_ERROR;
				GCC_WARN_UNDECLARED_SELECTOR = YES;
				GCC_WARN_UNINITIALIZED_AUTOS = YES_AGGRESSIVE;
				GCC_WARN_UNUSED_FUNCTION = YES;
				GCC_WARN_UNUSED_VARIABLE = YES;
				MACOSX_DEPLOYMENT_TARGET = 10.12;
				MTL_ENABLE_DEBUG_INFO = YES;
				ONLY_ACTIVE_ARCH = YES;
				SDKROOT = macosx;
			};
			name = Debug;
		};
		F343DA0E1E9A2426000B08BA /* Release */ = {
			isa = XCBuildConfiguration;
			buildSettings = {
				ALWAYS_SEARCH_USER_PATHS = NO;
				CLANG_ANALYZER_NONNULL = YES;
				CLANG_ANALYZER_NUMBER_OBJECT_CONVERSION = YES_AGGRESSIVE;
				CLANG_CXX_LANGUAGE_STANDARD = "gnu++0x";
				CLANG_CXX_LIBRARY = "libc++";
				CLANG_ENABLE_MODULES = YES;
				CLANG_ENABLE_OBJC_ARC = YES;
				CLANG_WARN_BOOL_CONVERSION = YES;
				CLANG_WARN_CONSTANT_CONVERSION = YES;
				CLANG_WARN_DIRECT_OBJC_ISA_USAGE = YES_ERROR;
				CLANG_WARN_DOCUMENTATION_COMMENTS = YES;
				CLANG_WARN_EMPTY_BODY = YES;
				CLANG_WARN_ENUM_CONVERSION = YES;
				CLANG_WARN_INFINITE_RECURSION = YES;
				CLANG_WARN_INT_CONVERSION = YES;
				CLANG_WARN_OBJC_ROOT_CLASS = YES_ERROR;
				CLANG_WARN_SUSPICIOUS_MOVE = YES;
				CLANG_WARN_UNREACHABLE_CODE = YES;
				CLANG_WARN__DUPLICATE_METHOD_MATCH = YES;
				CODE_SIGN_IDENTITY = "-";
				COPY_PHASE_STRIP = NO;
				DEBUG_INFORMATION_FORMAT = "dwarf-with-dsym";
				ENABLE_NS_ASSERTIONS = NO;
				ENABLE_STRICT_OBJC_MSGSEND = YES;
				GCC_C_LANGUAGE_STANDARD = gnu99;
				GCC_NO_COMMON_BLOCKS = YES;
				GCC_WARN_64_TO_32_BIT_CONVERSION = YES;
				GCC_WARN_ABOUT_RETURN_TYPE = YES_ERROR;
				GCC_WARN_UNDECLARED_SELECTOR = YES;
				GCC_WARN_UNINITIALIZED_AUTOS = YES_AGGRESSIVE;
				GCC_WARN_UNUSED_FUNCTION = YES;
				GCC_WARN_UNUSED_VARIABLE = YES;
				MACOSX_DEPLOYMENT_TARGET = 10.12;
				MTL_ENABLE_DEBUG_INFO = NO;
				SDKROOT = macosx;
			};
			name = Release;
		};
		F343DA101E9A2426000B08BA /* Debug */ = {
			isa = XCBuildConfiguration;
			buildSettings = {
				DEVELOPMENT_TEAM = F293UH4UUA;
				PRODUCT_NAME = "$(TARGET_NAME)";
			};
			name = Debug;
		};
		F343DA111E9A2426000B08BA /* Release */ = {
			isa = XCBuildConfiguration;
			buildSettings = {
				DEVELOPMENT_TEAM = F293UH4UUA;
				PRODUCT_NAME = "$(TARGET_NAME)";
			};
			name = Release;
		};
/* End XCBuildConfiguration section */

/* Begin XCConfigurationList section */
		F343DA031E9A2426000B08BA /* Build configuration list for PBXProject "MST" */ = {
			isa = XCConfigurationList;
			buildConfigurations = (
				F343DA0D1E9A2426000B08BA /* Debug */,
				F343DA0E1E9A2426000B08BA /* Release */,
			);
			defaultConfigurationIsVisible = 0;
			defaultConfigurationName = Release;
		};
		F343DA0F1E9A2426000B08BA /* Build configuration list for PBXNativeTarget "MST" */ = {
			isa = XCConfigurationList;
			buildConfigurations = (
				F343DA101E9A2426000B08BA /* Debug */,
				F343DA111E9A2426000B08BA /* Release */,
			);
			defaultConfigurationIsVisible = 0;
			defaultConfigurationName = Release;
		};
/* End XCConfigurationList section */
	};
	rootObject = F343DA001E9A2426000B08BA /* Project object */;
}
