// !$*UTF8*$!
{
	archiveVersion = 1;
	classes = {
	};
	objectVersion = 46;
	objects = {

/* Begin PBXBuildFile section */
		F3F66E6F1DD6FC58006EC14C /* main.cpp in Sources */ = {isa = PBXBuildFile; fileRef = F3F66E6E1DD6FC58006EC14C /* main.cpp */; };
/* End PBXBuildFile section */

/* Begin PBXCopyFilesBuildPhase section */
		F3F66E691DD6FC58006EC14C /* CopyFiles */ = {
			isa = PBXCopyFilesBuildPhase;
			buildActionMask = 2147483647;
			dstPath = /usr/share/man/man1/;
			dstSubfolderSpec = 0;
			files = (
			);
			runOnlyForDeploymentPostprocessing = 1;
		};
/* End PBXCopyFilesBuildPhase section */

/* Begin PBXFileReference section */
		F3F66E6B1DD6FC58006EC14C /* BinaryTree */ = {isa = PBXFileReference; explicitFileType = "compiled.mach-o.executable"; includeInIndex = 0; path = BinaryTree; sourceTree = BUILT_PRODUCTS_DIR; };
		F3F66E6E1DD6FC58006EC14C /* main.cpp */ = {isa = PBXFileReference; lastKnownFileType = sourcecode.cpp.cpp; path = main.cpp; sourceTree = "<group>"; };
/* End PBXFileReference section */

/* Begin PBXFrameworksBuildPhase section */
		F3F66E681DD6FC58006EC14C /* Frameworks */ = {
			isa = PBXFrameworksBuildPhase;
			buildActionMask = 2147483647;
			files = (
			);
			runOnlyForDeploymentPostprocessing = 0;
		};
/* End PBXFrameworksBuildPhase section */

/* Begin PBXGroup section */
		F3F66E621DD6FC58006EC14C = {
			isa = PBXGroup;
			children = (
				F3F66E6D1DD6FC58006EC14C /* BinaryTree */,
				F3F66E6C1DD6FC58006EC14C /* Products */,
			);
			sourceTree = "<group>";
		};
		F3F66E6C1DD6FC58006EC14C /* Products */ = {
			isa = PBXGroup;
			children = (
				F3F66E6B1DD6FC58006EC14C /* BinaryTree */,
			);
			name = Products;
			sourceTree = "<group>";
		};
		F3F66E6D1DD6FC58006EC14C /* BinaryTree */ = {
			isa = PBXGroup;
			children = (
				F3F66E6E1DD6FC58006EC14C /* main.cpp */,
			);
			path = BinaryTree;
			sourceTree = "<group>";
		};
/* End PBXGroup section */

/* Begin PBXNativeTarget section */
		F3F66E6A1DD6FC58006EC14C /* BinaryTree */ = {
			isa = PBXNativeTarget;
			buildConfigurationList = F3F66E721DD6FC58006EC14C /* Build configuration list for PBXNativeTarget "BinaryTree" */;
			buildPhases = (
				F3F66E671DD6FC58006EC14C /* Sources */,
				F3F66E681DD6FC58006EC14C /* Frameworks */,
				F3F66E691DD6FC58006EC14C /* CopyFiles */,
			);
			buildRules = (
			);
			dependencies = (
			);
			name = BinaryTree;
			productName = BinaryTree;
			productReference = F3F66E6B1DD6FC58006EC14C /* BinaryTree */;
			productType = "com.apple.product-type.tool";
		};
/* End PBXNativeTarget section */

/* Begin PBXProject section */
		F3F66E631DD6FC58006EC14C /* Project object */ = {
			isa = PBXProject;
			attributes = {
				LastUpgradeCheck = 0810;
				ORGANIZATIONNAME = "李博";
				TargetAttributes = {
					F3F66E6A1DD6FC58006EC14C = {
						CreatedOnToolsVersion = 8.1;
						DevelopmentTeam = F293UH4UUA;
						ProvisioningStyle = Automatic;
					};
				};
			};
			buildConfigurationList = F3F66E661DD6FC58006EC14C /* Build configuration list for PBXProject "BinaryTree" */;
			compatibilityVersion = "Xcode 3.2";
			developmentRegion = English;
			hasScannedForEncodings = 0;
			knownRegions = (
				en,
			);
			mainGroup = F3F66E621DD6FC58006EC14C;
			productRefGroup = F3F66E6C1DD6FC58006EC14C /* Products */;
			projectDirPath = "";
			projectRoot = "";
			targets = (
				F3F66E6A1DD6FC58006EC14C /* BinaryTree */,
			);
		};
/* End PBXProject section */

/* Begin PBXSourcesBuildPhase section */
		F3F66E671DD6FC58006EC14C /* Sources */ = {
			isa = PBXSourcesBuildPhase;
			buildActionMask = 2147483647;
			files = (
				F3F66E6F1DD6FC58006EC14C /* main.cpp in Sources */,
			);
			runOnlyForDeploymentPostprocessing = 0;
		};
/* End PBXSourcesBuildPhase section */

/* Begin XCBuildConfiguration section */
		F3F66E701DD6FC58006EC14C /* Debug */ = {
			isa = XCBuildConfiguration;
			buildSettings = {
				ALWAYS_SEARCH_USER_PATHS = NO;
				CLANG_ANALYZER_NONNULL = YES;
				CLANG_CXX_LANGUAGE_STANDARD = "gnu++0x";
				CLANG_CXX_LIBRARY = "libc++";
				CLANG_ENABLE_MODULES = YES;
				CLANG_ENABLE_OBJC_ARC = YES;
				CLANG_WARN_BOOL_CONVERSION = YES;
				CLANG_WARN_CONSTANT_CONVERSION = YES;
				CLANG_WARN_DIRECT_OBJC_ISA_USAGE = YES_ERROR;
				CLANG_WARN_DOCUMENTATION_COMMENTS = YES;
				CLANG_WARN_EMPTY_BODY = YES;
				CLANG_WARN_ENUM_CONVERSION = YES;
				CLANG_WARN_INFINITE_RECURSION = YES;
				CLANG_WARN_INT_CONVERSION = YES;
				CLANG_WARN_OBJC_ROOT_CLASS = YES_ERROR;
				CLANG_WARN_SUSPICIOUS_MOVES = YES;
				CLANG_WARN_UNREACHABLE_CODE = YES;
				CLANG_WARN__DUPLICATE_METHOD_MATCH = YES;
				CODE_SIGN_IDENTITY = "-";
				COPY_PHASE_STRIP = NO;
				DEBUG_INFORMATION_FORMAT = dwarf;
				ENABLE_STRICT_OBJC_MSGSEND = YES;
				ENABLE_TESTABILITY = YES;
				GCC_C_LANGUAGE_STANDARD = gnu99;
				GCC_DYNAMIC_NO_PIC = NO;
				GCC_NO_COMMON_BLOCKS = YES;
				GCC_OPTIMIZATION_LEVEL = 0;
				GCC_PREPROCESSOR_DEFINITIONS = (
					"DEBUG=1",
					"$(inherited)",
				);
				GCC_WARN_64_TO_32_BIT_CONVERSION = YES;
				GCC_WARN_ABOUT_RETURN_TYPE = YES_ERROR;
				GCC_WARN_UNDECLARED_SELECTOR = YES;
				GCC_WARN_UNINITIALIZED_AUTOS = YES_AGGRESSIVE;
				GCC_WARN_UNUSED_FUNCTION = YES;
				GCC_WARN_UNUSED_VARIABLE = YES;
				MACOSX_DEPLOYMENT_TARGET = 10.12;
				MTL_ENABLE_DEBUG_INFO = YES;
				ONLY_ACTIVE_ARCH = YES;
				SDKROOT = macosx;
			};
			name = Debug;
		};
		F3F66E711DD6FC58006EC14C /* Release */ = {
			isa = XCBuildConfiguration;
			buildSettings = {
				ALWAYS_SEARCH_USER_PATHS = NO;
				CLANG_ANALYZER_NONNULL = YES;
				CLANG_CXX_LANGUAGE_STANDARD = "gnu++0x";
				CLANG_CXX_LIBRARY = "libc++";
				CLANG_ENABLE_MODULES = YES;
				CLANG_ENABLE_OBJC_ARC = YES;
				CLANG_WARN_BOOL_CONVERSION = YES;
				CLANG_WARN_CONSTANT_CONVERSION = YES;
				CLANG_WARN_DIRECT_OBJC_ISA_USAGE = YES_ERROR;
				CLANG_WARN_DOCUMENTATION_COMMENTS = YES;
				CLANG_WARN_EMPTY_BODY = YES;
				CLANG_WARN_ENUM_CONVERSION = YES;
				CLANG_WARN_INFINITE_RECURSION = YES;
				CLANG_WARN_INT_CONVERSION = YES;
				CLANG_WARN_OBJC_ROOT_CLASS = YES_ERROR;
				CLANG_WARN_SUSPICIOUS_MOVES = YES;
				CLANG_WARN_UNREACHABLE_CODE = YES;
				CLANG_WARN__DUPLICATE_METHOD_MATCH = YES;
				CODE_SIGN_IDENTITY = "-";
				COPY_PHASE_STRIP = NO;
				DEBUG_INFORMATION_FORMAT = "dwarf-with-dsym";
				ENABLE_NS_ASSERTIONS = NO;
				ENABLE_STRICT_OBJC_MSGSEND = YES;
				GCC_C_LANGUAGE_STANDARD = gnu99;
				GCC_NO_COMMON_BLOCKS = YES;
				GCC_WARN_64_TO_32_BIT_CONVERSION = YES;
				GCC_WARN_ABOUT_RETURN_TYPE = YES_ERROR;
				GCC_WARN_UNDECLARED_SELECTOR = YES;
				GCC_WARN_UNINITIALIZED_AUTOS = YES_AGGRESSIVE;
				GCC_WARN_UNUSED_FUNCTION = YES;
				GCC_WARN_UNUSED_VARIABLE = YES;
				MACOSX_DEPLOYMENT_TARGET = 10.12;
				MTL_ENABLE_DEBUG_INFO = NO;
				SDKROOT = macosx;
			};
			name = Release;
		};
		F3F66E731DD6FC58006EC14C /* Debug */ = {
			isa = XCBuildConfiguration;
			buildSettings = {
				DEVELOPMENT_TEAM = F293UH4UUA;
				PRODUCT_NAME = "$(TARGET_NAME)";
			};
			name = Debug;
		};
		F3F66E741DD6FC58006EC14C /* Release */ = {
			isa = XCBuildConfiguration;
			buildSettings = {
				DEVELOPMENT_TEAM = F293UH4UUA;
				PRODUCT_NAME = "$(TARGET_NAME)";
			};
			name = Release;
		};
/* End XCBuildConfiguration section */

/* Begin XCConfigurationList section */
		F3F66E661DD6FC58006EC14C /* Build configuration list for PBXProject "BinaryTree" */ = {
			isa = XCConfigurationList;
			buildConfigurations = (
				F3F66E701DD6FC58006EC14C /* Debug */,
				F3F66E711DD6FC58006EC14C /* Release */,
			);
			defaultConfigurationIsVisible = 0;
			defaultConfigurationName = Release;
		};
		F3F66E721DD6FC58006EC14C /* Build configuration list for PBXNativeTarget "BinaryTree" */ = {
			isa = XCConfigurationList;
			buildConfigurations = (
				F3F66E731DD6FC58006EC14C /* Debug */,
				F3F66E741DD6FC58006EC14C /* Release */,
			);
			defaultConfigurationIsVisible = 0;
		};
/* End XCConfigurationList section */
	};
	rootObject = F3F66E631DD6FC58006EC14C /* Project object */;
}
