// !$*UTF8*$!
{
	archiveVersion = 1;
	classes = {
	};
	objectVersion = 46;
	objects = {

/* Begin PBXBuildFile section */
		F348A3341E7FD50000E18632 /* main.cpp in Sources */ = {isa = PBXBuildFile; fileRef = F348A3331E7FD50000E18632 /* main.cpp */; };
/* End PBXBuildFile section */

/* Begin PBXCopyFilesBuildPhase section */
		F348A32E1E7FD50000E18632 /* CopyFiles */ = {
			isa = PBXCopyFilesBuildPhase;
			buildActionMask = 2147483647;
			dstPath = /usr/share/man/man1/;
			dstSubfolderSpec = 0;
			files = (
			);
			runOnlyForDeploymentPostprocessing = 1;
		};
/* End PBXCopyFilesBuildPhase section */

/* Begin PBXFileReference section */
		F348A3301E7FD50000E18632 /* Forest */ = {isa = PBXFileReference; explicitFileType = "compiled.mach-o.executable"; includeInIndex = 0; path = Forest; sourceTree = BUILT_PRODUCTS_DIR; };
		F348A3331E7FD50000E18632 /* main.cpp */ = {isa = PBXFileReference; lastKnownFileType = sourcecode.cpp.cpp; path = main.cpp; sourceTree = "<group>"; };
		F348A33A1E7FD50B00E18632 /* Header.hpp */ = {isa = PBXFileReference; lastKnownFileType = sourcecode.cpp.h; path = Header.hpp; sourceTree = "<group>"; };
		F348A33B1E7FD72000E18632 /* Forest.hpp */ = {isa = PBXFileReference; lastKnownFileType = sourcecode.cpp.h; path = Forest.hpp; sourceTree = "<group>"; };
/* End PBXFileReference section */

/* Begin PBXFrameworksBuildPhase section */
		F348A32D1E7FD50000E18632 /* Frameworks */ = {
			isa = PBXFrameworksBuildPhase;
			buildActionMask = 2147483647;
			files = (
			);
			runOnlyForDeploymentPostprocessing = 0;
		};
/* End PBXFrameworksBuildPhase section */

/* Begin PBXGroup section */
		F348A3271E7FD50000E18632 = {
			isa = PBXGroup;
			children = (
				F348A3321E7FD50000E18632 /* Forest */,
				F348A3311E7FD50000E18632 /* Products */,
			);
			sourceTree = "<group>";
		};
		F348A3311E7FD50000E18632 /* Products */ = {
			isa = PBXGroup;
			children = (
				F348A3301E7FD50000E18632 /* Forest */,
			);
			name = Products;
			sourceTree = "<group>";
		};
		F348A3321E7FD50000E18632 /* Forest */ = {
			isa = PBXGroup;
			children = (
				F348A3331E7FD50000E18632 /* main.cpp */,
				F348A33A1E7FD50B00E18632 /* Header.hpp */,
				F348A33B1E7FD72000E18632 /* Forest.hpp */,
			);
			path = Forest;
			sourceTree = "<group>";
		};
/* End PBXGroup section */

/* Begin PBXNativeTarget section */
		F348A32F1E7FD50000E18632 /* Forest */ = {
			isa = PBXNativeTarget;
			buildConfigurationList = F348A3371E7FD50000E18632 /* Build configuration list for PBXNativeTarget "Forest" */;
			buildPhases = (
				F348A32C1E7FD50000E18632 /* Sources */,
				F348A32D1E7FD50000E18632 /* Frameworks */,
				F348A32E1E7FD50000E18632 /* CopyFiles */,
			);
			buildRules = (
			);
			dependencies = (
			);
			name = Forest;
			productName = Forest;
			productReference = F348A3301E7FD50000E18632 /* Forest */;
			productType = "com.apple.product-type.tool";
		};
/* End PBXNativeTarget section */

/* Begin PBXProject section */
		F348A3281E7FD50000E18632 /* Project object */ = {
			isa = PBXProject;
			attributes = {
				LastUpgradeCheck = 0820;
				ORGANIZATIONNAME = "李博";
				TargetAttributes = {
					F348A32F1E7FD50000E18632 = {
						CreatedOnToolsVersion = 8.2;
						DevelopmentTeam = F293UH4UUA;
						ProvisioningStyle = Automatic;
					};
				};
			};
			buildConfigurationList = F348A32B1E7FD50000E18632 /* Build configuration list for PBXProject "Forest" */;
			compatibilityVersion = "Xcode 3.2";
			developmentRegion = English;
			hasScannedForEncodings = 0;
			knownRegions = (
				en,
			);
			mainGroup = F348A3271E7FD50000E18632;
			productRefGroup = F348A3311E7FD50000E18632 /* Products */;
			projectDirPath = "";
			projectRoot = "";
			targets = (
				F348A32F1E7FD50000E18632 /* Forest */,
			);
		};
/* End PBXProject section */

/* Begin PBXSourcesBuildPhase section */
		F348A32C1E7FD50000E18632 /* Sources */ = {
			isa = PBXSourcesBuildPhase;
			buildActionMask = 2147483647;
			files = (
				F348A3341E7FD50000E18632 /* main.cpp in Sources */,
			);
			runOnlyForDeploymentPostprocessing = 0;
		};
/* End PBXSourcesBuildPhase section */

/* Begin XCBuildConfiguration section */
		F348A3351E7FD50000E18632 /* Debug */ = {
			isa = XCBuildConfiguration;
			buildSettings = {
				ALWAYS_SEARCH_USER_PATHS = NO;
				CLANG_ANALYZER_NONNULL = YES;
				CLANG_CXX_LANGUAGE_STANDARD = "gnu++0x";
				CLANG_CXX_LIBRARY = "libc++";
				CLANG_ENABLE_MODULES = YES;
				CLANG_ENABLE_OBJC_ARC = YES;
				CLANG_WARN_BOOL_CONVERSION = YES;
				CLANG_WARN_CONSTANT_CONVERSION = YES;
				CLANG_WARN_DIRECT_OBJC_ISA_USAGE = YES_ERROR;
				CLANG_WARN_DOCUMENTATION_COMMENTS = YES;
				CLANG_WARN_EMPTY_BODY = YES;
				CLANG_WARN_ENUM_CONVERSION = YES;
				CLANG_WARN_INFINITE_RECURSION = YES;
				CLANG_WARN_INT_CONVERSION = YES;
				CLANG_WARN_OBJC_ROOT_CLASS = YES_ERROR;
				CLANG_WARN_SUSPICIOUS_MOVE = YES;
				CLANG_WARN_UNREACHABLE_CODE = YES;
				CLANG_WARN__DUPLICATE_METHOD_MATCH = YES;
				CODE_SIGN_IDENTITY = "-";
				COPY_PHASE_STRIP = NO;
				DEBUG_INFORMATION_FORMAT = dwarf;
				ENABLE_STRICT_OBJC_MSGSEND = YES;
				ENABLE_TESTABILITY = YES;
				GCC_C_LANGUAGE_STANDARD = gnu99;
				GCC_DYNAMIC_NO_PIC = NO;
				GCC_NO_COMMON_BLOCKS = YES;
				GCC_OPTIMIZATION_LEVEL = 0;
				GCC_PREPROCESSOR_DEFINITIONS = (
					"DEBUG=1",
					"$(inherited)",
				);
				GCC_WARN_64_TO_32_BIT_CONVERSION = YES;
				GCC_WARN_ABOUT_RETURN_TYPE = YES_ERROR;
				GCC_WARN_UNDECLARED_SELECTOR = YES;
				GCC_WARN_UNINITIALIZED_AUTOS = YES_AGGRESSIVE;
				GCC_WARN_UNUSED_FUNCTION = YES;
				GCC_WARN_UNUSED_VARIABLE = YES;
				MACOSX_DEPLOYMENT_TARGET = 10.12;
				MTL_ENABLE_DEBUG_INFO = YES;
				ONLY_ACTIVE_ARCH = YES;
				SDKROOT = macosx;
			};
			name = Debug;
		};
		F348A3361E7FD50000E18632 /* Release */ = {
			isa = XCBuildConfiguration;
			buildSettings = {
				ALWAYS_SEARCH_USER_PATHS = NO;
				CLANG_ANALYZER_NONNULL = YES;
				CLANG_CXX_LANGUAGE_STANDARD = "gnu++0x";
				CLANG_CXX_LIBRARY = "libc++";
				CLANG_ENABLE_MODULES = YES;
				CLANG_ENABLE_OBJC_ARC = YES;
				CLANG_WARN_BOOL_CONVERSION = YES;
				CLANG_WARN_CONSTANT_CONVERSION = YES;
				CLANG_WARN_DIRECT_OBJC_ISA_USAGE = YES_ERROR;
				CLANG_WARN_DOCUMENTATION_COMMENTS = YES;
				CLANG_WARN_EMPTY_BODY = YES;
				CLANG_WARN_ENUM_CONVERSION = YES;
				CLANG_WARN_INFINITE_RECURSION = YES;
				CLANG_WARN_INT_CONVERSION = YES;
				CLANG_WARN_OBJC_ROOT_CLASS = YES_ERROR;
				CLANG_WARN_SUSPICIOUS_MOVE = YES;
				CLANG_WARN_UNREACHABLE_CODE = YES;
				CLANG_WARN__DUPLICATE_METHOD_MATCH = YES;
				CODE_SIGN_IDENTITY = "-";
				COPY_PHASE_STRIP = NO;
				DEBUG_INFORMATION_FORMAT = "dwarf-with-dsym";
				ENABLE_NS_ASSERTIONS = NO;
				ENABLE_STRICT_OBJC_MSGSEND = YES;
				GCC_C_LANGUAGE_STANDARD = gnu99;
				GCC_NO_COMMON_BLOCKS = YES;
				GCC_WARN_64_TO_32_BIT_CONVERSION = YES;
				GCC_WARN_ABOUT_RETURN_TYPE = YES_ERROR;
				GCC_WARN_UNDECLARED_SELECTOR = YES;
				GCC_WARN_UNINITIALIZED_AUTOS = YES_AGGRESSIVE;
				GCC_WARN_UNUSED_FUNCTION = YES;
				GCC_WARN_UNUSED_VARIABLE = YES;
				MACOSX_DEPLOYMENT_TARGET = 10.12;
				MTL_ENABLE_DEBUG_INFO = NO;
				SDKROOT = macosx;
			};
			name = Release;
		};
		F348A3381E7FD50000E18632 /* Debug */ = {
			isa = XCBuildConfiguration;
			buildSettings = {
				DEVELOPMENT_TEAM = F293UH4UUA;
				PRODUCT_NAME = "$(TARGET_NAME)";
			};
			name = Debug;
		};
		F348A3391E7FD50000E18632 /* Release */ = {
			isa = XCBuildConfiguration;
			buildSettings = {
				DEVELOPMENT_TEAM = F293UH4UUA;
				PRODUCT_NAME = "$(TARGET_NAME)";
			};
			name = Release;
		};
/* End XCBuildConfiguration section */

/* Begin XCConfigurationList section */
		F348A32B1E7FD50000E18632 /* Build configuration list for PBXProject "Forest" */ = {
			isa = XCConfigurationList;
			buildConfigurations = (
				F348A3351E7FD50000E18632 /* Debug */,
				F348A3361E7FD50000E18632 /* Release */,
			);
			defaultConfigurationIsVisible = 0;
			defaultConfigurationName = Release;
		};
		F348A3371E7FD50000E18632 /* Build configuration list for PBXNativeTarget "Forest" */ = {
			isa = XCConfigurationList;
			buildConfigurations = (
				F348A3381E7FD50000E18632 /* Debug */,
				F348A3391E7FD50000E18632 /* Release */,
			);
			defaultConfigurationIsVisible = 0;
		};
/* End XCConfigurationList section */
	};
	rootObject = F348A3281E7FD50000E18632 /* Project object */;
}
